// !$*UTF8*$!
{
	archiveVersion = 1;
	classes = {
	};
	objectVersion = 50;
	objects = {

/* Begin PBXBuildFile section */
		6137509E243D0F5E00E0FA0B /* GameConfiguration.swift in Sources */ = {isa = PBXBuildFile; fileRef = 6137509D243D0F5E00E0FA0B /* GameConfiguration.swift */; };
		613750A0243D180700E0FA0B /* horse-whinny.wav in Resources */ = {isa = PBXBuildFile; fileRef = 6137509F243D180700E0FA0B /* horse-whinny.wav */; };
		61680B4B24323E6E0094908B /* AppDelegate.swift in Sources */ = {isa = PBXBuildFile; fileRef = 61680B4A24323E6E0094908B /* AppDelegate.swift */; };
		61680B4D24323E6E0094908B /* SceneDelegate.swift in Sources */ = {isa = PBXBuildFile; fileRef = 61680B4C24323E6E0094908B /* SceneDelegate.swift */; };
		61680B4F24323E6E0094908B /* GameViewController.swift in Sources */ = {isa = PBXBuildFile; fileRef = 61680B4E24323E6E0094908B /* GameViewController.swift */; };
		61680B5224323E6E0094908B /* Main.storyboard in Resources */ = {isa = PBXBuildFile; fileRef = 61680B5024323E6E0094908B /* Main.storyboard */; };
		61680B5424323E760094908B /* Assets.xcassets in Resources */ = {isa = PBXBuildFile; fileRef = 61680B5324323E760094908B /* Assets.xcassets */; };
		61680B5724323E760094908B /* LaunchScreen.storyboard in Resources */ = {isa = PBXBuildFile; fileRef = 61680B5524323E760094908B /* LaunchScreen.storyboard */; };
		617BB4CA246E0AF100468FB3 /* Mute.swift in Sources */ = {isa = PBXBuildFile; fileRef = 617BB4C9246E0AF100468FB3 /* Mute.swift */; };
		617BB4CC246E0BBD00468FB3 /* mute.aiff in Resources */ = {isa = PBXBuildFile; fileRef = 617BB4CB246E0BBD00468FB3 /* mute.aiff */; };
		617C48B324620C2D00892F15 /* MainCollectionViewController.swift in Sources */ = {isa = PBXBuildFile; fileRef = 617C48B224620C2D00892F15 /* MainCollectionViewController.swift */; };
		617E67662438F08200AE0706 /* GameView.swift in Sources */ = {isa = PBXBuildFile; fileRef = 617E67652438F08200AE0706 /* GameView.swift */; };
		617E6DF02454DCB40072C98F /* theme.json in Resources */ = {isa = PBXBuildFile; fileRef = 617E6DEF2454DCB40072C98F /* theme.json */; };
		617E6DF22454DF620072C98F /* GameTheme.swift in Sources */ = {isa = PBXBuildFile; fileRef = 617E6DF12454DF620072C98F /* GameTheme.swift */; };
		618C902024622B8500D50C2E /* DashboardCollectionViewCell.swift in Sources */ = {isa = PBXBuildFile; fileRef = 618C901F24622B8500D50C2E /* DashboardCollectionViewCell.swift */; };
		61E442EB243BCBE800927EA2 /* AVFoundation.framework in Frameworks */ = {isa = PBXBuildFile; fileRef = 61E442EA243BCBE800927EA2 /* AVFoundation.framework */; };
		61E442EF243BE77900927EA2 /* beep.wav in Resources */ = {isa = PBXBuildFile; fileRef = 61E442EE243BE77900927EA2 /* beep.wav */; };
		7F7D68C161214E775B198364 /* Pods_FindTheVisibleHorse.framework in Frameworks */ = {isa = PBXBuildFile; fileRef = EC750D7F16CE91C8EEC85ACF /* Pods_FindTheVisibleHorse.framework */; };
/* End PBXBuildFile section */

/* Begin PBXFileReference section */
		6137509D243D0F5E00E0FA0B /* GameConfiguration.swift */ = {isa = PBXFileReference; lastKnownFileType = sourcecode.swift; path = GameConfiguration.swift; sourceTree = "<group>"; };
		6137509F243D180700E0FA0B /* horse-whinny.wav */ = {isa = PBXFileReference; lastKnownFileType = audio.wav; path = "horse-whinny.wav"; sourceTree = "<group>"; };
		61680B4724323E6E0094908B /* FindTheVisibleHorse.app */ = {isa = PBXFileReference; explicitFileType = wrapper.application; includeInIndex = 0; path = FindTheVisibleHorse.app; sourceTree = BUILT_PRODUCTS_DIR; };
		61680B4A24323E6E0094908B /* AppDelegate.swift */ = {isa = PBXFileReference; lastKnownFileType = sourcecode.swift; path = AppDelegate.swift; sourceTree = "<group>"; };
		61680B4C24323E6E0094908B /* SceneDelegate.swift */ = {isa = PBXFileReference; lastKnownFileType = sourcecode.swift; path = SceneDelegate.swift; sourceTree = "<group>"; };
		61680B4E24323E6E0094908B /* GameViewController.swift */ = {isa = PBXFileReference; lastKnownFileType = sourcecode.swift; path = GameViewController.swift; sourceTree = "<group>"; };
		61680B5124323E6E0094908B /* Base */ = {isa = PBXFileReference; lastKnownFileType = file.storyboard; name = Base; path = Base.lproj/Main.storyboard; sourceTree = "<group>"; };
		61680B5324323E760094908B /* Assets.xcassets */ = {isa = PBXFileReference; lastKnownFileType = folder.assetcatalog; path = Assets.xcassets; sourceTree = "<group>"; };
		61680B5624323E760094908B /* Base */ = {isa = PBXFileReference; lastKnownFileType = file.storyboard; name = Base; path = Base.lproj/LaunchScreen.storyboard; sourceTree = "<group>"; };
		61680B5824323E760094908B /* Info.plist */ = {isa = PBXFileReference; lastKnownFileType = text.plist.xml; path = Info.plist; sourceTree = "<group>"; };
		617BB4C9246E0AF100468FB3 /* Mute.swift */ = {isa = PBXFileReference; lastKnownFileType = sourcecode.swift; path = Mute.swift; sourceTree = "<group>"; };
		617BB4CB246E0BBD00468FB3 /* mute.aiff */ = {isa = PBXFileReference; lastKnownFileType = audio.aiff; path = mute.aiff; sourceTree = "<group>"; };
		617C48B224620C2D00892F15 /* MainCollectionViewController.swift */ = {isa = PBXFileReference; lastKnownFileType = sourcecode.swift; path = MainCollectionViewController.swift; sourceTree = "<group>"; };
		617E67652438F08200AE0706 /* GameView.swift */ = {isa = PBXFileReference; lastKnownFileType = sourcecode.swift; path = GameView.swift; sourceTree = "<group>"; };
		617E6DEF2454DCB40072C98F /* theme.json */ = {isa = PBXFileReference; fileEncoding = 4; lastKnownFileType = text.json; path = theme.json; sourceTree = "<group>"; };
		617E6DF12454DF620072C98F /* GameTheme.swift */ = {isa = PBXFileReference; lastKnownFileType = sourcecode.swift; path = GameTheme.swift; sourceTree = "<group>"; };
		618C901F24622B8500D50C2E /* DashboardCollectionViewCell.swift */ = {isa = PBXFileReference; lastKnownFileType = sourcecode.swift; path = DashboardCollectionViewCell.swift; sourceTree = "<group>"; };
		61E442EA243BCBE800927EA2 /* AVFoundation.framework */ = {isa = PBXFileReference; lastKnownFileType = wrapper.framework; name = AVFoundation.framework; path = System/Library/Frameworks/AVFoundation.framework; sourceTree = SDKROOT; };
		61E442EE243BE77900927EA2 /* beep.wav */ = {isa = PBXFileReference; lastKnownFileType = audio.wav; path = beep.wav; sourceTree = "<group>"; };
		6CED8B1E141F30E15247EE7C /* Pods-FindTheVisibleHorse.release.xcconfig */ = {isa = PBXFileReference; includeInIndex = 1; lastKnownFileType = text.xcconfig; name = "Pods-FindTheVisibleHorse.release.xcconfig"; path = "Target Support Files/Pods-FindTheVisibleHorse/Pods-FindTheVisibleHorse.release.xcconfig"; sourceTree = "<group>"; };
		EC750D7F16CE91C8EEC85ACF /* Pods_FindTheVisibleHorse.framework */ = {isa = PBXFileReference; explicitFileType = wrapper.framework; includeInIndex = 0; path = Pods_FindTheVisibleHorse.framework; sourceTree = BUILT_PRODUCTS_DIR; };
		EFF1162AB31749459DEF8A8D /* Pods-FindTheVisibleHorse.debug.xcconfig */ = {isa = PBXFileReference; includeInIndex = 1; lastKnownFileType = text.xcconfig; name = "Pods-FindTheVisibleHorse.debug.xcconfig"; path = "Target Support Files/Pods-FindTheVisibleHorse/Pods-FindTheVisibleHorse.debug.xcconfig"; sourceTree = "<group>"; };
/* End PBXFileReference section */

/* Begin PBXFrameworksBuildPhase section */
		61680B4424323E6E0094908B /* Frameworks */ = {
			isa = PBXFrameworksBuildPhase;
			buildActionMask = 2147483647;
			files = (
				61E442EB243BCBE800927EA2 /* AVFoundation.framework in Frameworks */,
				7F7D68C161214E775B198364 /* Pods_FindTheVisibleHorse.framework in Frameworks */,
			);
			runOnlyForDeploymentPostprocessing = 0;
		};
/* End PBXFrameworksBuildPhase section */

/* Begin PBXGroup section */
		6137509B243D0E8400E0FA0B /* Supporting Files */ = {
			isa = PBXGroup;
			children = (
				61680B4A24323E6E0094908B /* AppDelegate.swift */,
				61680B4C24323E6E0094908B /* SceneDelegate.swift */,
				61680B5524323E760094908B /* LaunchScreen.storyboard */,
			);
			path = "Supporting Files";
			sourceTree = "<group>";
		};
		6137509C243D0E9900E0FA0B /* Sounds */ = {
			isa = PBXGroup;
			children = (
				617BB4CB246E0BBD00468FB3 /* mute.aiff */,
				6137509F243D180700E0FA0B /* horse-whinny.wav */,
				61E442EE243BE77900927EA2 /* beep.wav */,
			);
			path = Sounds;
			sourceTree = "<group>";
		};
		61680B3E24323E6E0094908B = {
			isa = PBXGroup;
			children = (
				61680B4924323E6E0094908B /* FindTheVisibleHorse */,
				61680B4824323E6E0094908B /* Products */,
				61E442E9243BCBE800927EA2 /* Frameworks */,
				88124FCFD1B1D0D92029C858 /* Pods */,
			);
			sourceTree = "<group>";
		};
		61680B4824323E6E0094908B /* Products */ = {
			isa = PBXGroup;
			children = (
				61680B4724323E6E0094908B /* FindTheVisibleHorse.app */,
			);
			name = Products;
			sourceTree = "<group>";
		};
		61680B4924323E6E0094908B /* FindTheVisibleHorse */ = {
			isa = PBXGroup;
			children = (
				617BB4C8246E0ADA00468FB3 /* Utilities */,
				61933D392453B61100ECC4CE /* View */,
				61933D382453B5F800ECC4CE /* Model */,
				61933D3A2453B62700ECC4CE /* Controller */,
				61680B5024323E6E0094908B /* Main.storyboard */,
				61680B5324323E760094908B /* Assets.xcassets */,
				61680B5824323E760094908B /* Info.plist */,
				617C48B124620B8F00892F15 /* Data */,
				6137509C243D0E9900E0FA0B /* Sounds */,
				6137509B243D0E8400E0FA0B /* Supporting Files */,
			);
			path = FindTheVisibleHorse;
			sourceTree = "<group>";
		};
		617BB4C8246E0ADA00468FB3 /* Utilities */ = {
			isa = PBXGroup;
			children = (
				617BB4C9246E0AF100468FB3 /* Mute.swift */,
			);
			path = Utilities;
			sourceTree = "<group>";
		};
		617C48B124620B8F00892F15 /* Data */ = {
			isa = PBXGroup;
			children = (
				617E6DEF2454DCB40072C98F /* theme.json */,
			);
			path = Data;
			sourceTree = "<group>";
		};
		61933D382453B5F800ECC4CE /* Model */ = {
			isa = PBXGroup;
			children = (
				6137509D243D0F5E00E0FA0B /* GameConfiguration.swift */,
				617E6DF12454DF620072C98F /* GameTheme.swift */,
			);
			path = Model;
			sourceTree = "<group>";
		};
		61933D392453B61100ECC4CE /* View */ = {
			isa = PBXGroup;
			children = (
				617E67652438F08200AE0706 /* GameView.swift */,
				618C901F24622B8500D50C2E /* DashboardCollectionViewCell.swift */,
			);
			path = View;
			sourceTree = "<group>";
		};
		61933D3A2453B62700ECC4CE /* Controller */ = {
			isa = PBXGroup;
			children = (
				61680B4E24323E6E0094908B /* GameViewController.swift */,
				617C48B224620C2D00892F15 /* MainCollectionViewController.swift */,
			);
			path = Controller;
			sourceTree = "<group>";
		};
		61E442E9243BCBE800927EA2 /* Frameworks */ = {
			isa = PBXGroup;
			children = (
				61E442EA243BCBE800927EA2 /* AVFoundation.framework */,
				EC750D7F16CE91C8EEC85ACF /* Pods_FindTheVisibleHorse.framework */,
			);
			name = Frameworks;
			sourceTree = "<group>";
		};
		88124FCFD1B1D0D92029C858 /* Pods */ = {
			isa = PBXGroup;
			children = (
				EFF1162AB31749459DEF8A8D /* Pods-FindTheVisibleHorse.debug.xcconfig */,
				6CED8B1E141F30E15247EE7C /* Pods-FindTheVisibleHorse.release.xcconfig */,
			);
			path = Pods;
			sourceTree = "<group>";
		};
/* End PBXGroup section */

/* Begin PBXNativeTarget section */
		61680B4624323E6E0094908B /* FindTheVisibleHorse */ = {
			isa = PBXNativeTarget;
			buildConfigurationList = 61680B5B24323E760094908B /* Build configuration list for PBXNativeTarget "FindTheVisibleHorse" */;
			buildPhases = (
				309C652546A880217F0D2ACB /* [CP] Check Pods Manifest.lock */,
				61680B4324323E6E0094908B /* Sources */,
				61680B4424323E6E0094908B /* Frameworks */,
				61680B4524323E6E0094908B /* Resources */,
			);
			buildRules = (
			);
			dependencies = (
			);
			name = FindTheVisibleHorse;
			productName = FindTheVisibleHorse;
			productReference = 61680B4724323E6E0094908B /* FindTheVisibleHorse.app */;
			productType = "com.apple.product-type.application";
		};
/* End PBXNativeTarget section */

/* Begin PBXProject section */
		61680B3F24323E6E0094908B /* Project object */ = {
			isa = PBXProject;
			attributes = {
				LastSwiftUpdateCheck = 1130;
				LastUpgradeCheck = 1130;
				ORGANIZATIONNAME = "Utkucan Türkan";
				TargetAttributes = {
					61680B4624323E6E0094908B = {
						CreatedOnToolsVersion = 11.3.1;
					};
				};
			};
			buildConfigurationList = 61680B4224323E6E0094908B /* Build configuration list for PBXProject "FindTheVisibleHorse" */;
			compatibilityVersion = "Xcode 9.3";
			developmentRegion = en;
			hasScannedForEncodings = 0;
			knownRegions = (
				en,
				Base,
			);
			mainGroup = 61680B3E24323E6E0094908B;
			productRefGroup = 61680B4824323E6E0094908B /* Products */;
			projectDirPath = "";
			projectRoot = "";
			targets = (
				61680B4624323E6E0094908B /* FindTheVisibleHorse */,
			);
		};
/* End PBXProject section */

/* Begin PBXResourcesBuildPhase section */
		61680B4524323E6E0094908B /* Resources */ = {
			isa = PBXResourcesBuildPhase;
			buildActionMask = 2147483647;
			files = (
				61680B5724323E760094908B /* LaunchScreen.storyboard in Resources */,
				613750A0243D180700E0FA0B /* horse-whinny.wav in Resources */,
				61E442EF243BE77900927EA2 /* beep.wav in Resources */,
				617E6DF02454DCB40072C98F /* theme.json in Resources */,
				61680B5424323E760094908B /* Assets.xcassets in Resources */,
				617BB4CC246E0BBD00468FB3 /* mute.aiff in Resources */,
				61680B5224323E6E0094908B /* Main.storyboard in Resources */,
			);
			runOnlyForDeploymentPostprocessing = 0;
		};
/* End PBXResourcesBuildPhase section */

/* Begin PBXShellScriptBuildPhase section */
		309C652546A880217F0D2ACB /* [CP] Check Pods Manifest.lock */ = {
			isa = PBXShellScriptBuildPhase;
			buildActionMask = 2147483647;
			files = (
			);
			inputFileListPaths = (
			);
			inputPaths = (
				"${PODS_PODFILE_DIR_PATH}/Podfile.lock",
				"${PODS_ROOT}/Manifest.lock",
			);
			name = "[CP] Check Pods Manifest.lock";
			outputFileListPaths = (
			);
			outputPaths = (
				"$(DERIVED_FILE_DIR)/Pods-FindTheVisibleHorse-checkManifestLockResult.txt",
			);
			runOnlyForDeploymentPostprocessing = 0;
			shellPath = /bin/sh;
			shellScript = "diff \"${PODS_PODFILE_DIR_PATH}/Podfile.lock\" \"${PODS_ROOT}/Manifest.lock\" > /dev/null\nif [ $? != 0 ] ; then\n    # print error to STDERR\n    echo \"error: The sandbox is not in sync with the Podfile.lock. Run 'pod install' or update your CocoaPods installation.\" >&2\n    exit 1\nfi\n# This output is used by Xcode 'outputs' to avoid re-running this script phase.\necho \"SUCCESS\" > \"${SCRIPT_OUTPUT_FILE_0}\"\n";
			showEnvVarsInLog = 0;
		};
/* End PBXShellScriptBuildPhase section */

/* Begin PBXSourcesBuildPhase section */
		61680B4324323E6E0094908B /* Sources */ = {
			isa = PBXSourcesBuildPhase;
			buildActionMask = 2147483647;
			files = (
				617E6DF22454DF620072C98F /* GameTheme.swift in Sources */,
				617C48B324620C2D00892F15 /* MainCollectionViewController.swift in Sources */,
				61680B4F24323E6E0094908B /* GameViewController.swift in Sources */,
				6137509E243D0F5E00E0FA0B /* GameConfiguration.swift in Sources */,
				618C902024622B8500D50C2E /* DashboardCollectionViewCell.swift in Sources */,
				61680B4B24323E6E0094908B /* AppDelegate.swift in Sources */,
				617E67662438F08200AE0706 /* GameView.swift in Sources */,
				61680B4D24323E6E0094908B /* SceneDelegate.swift in Sources */,
				617BB4CA246E0AF100468FB3 /* Mute.swift in Sources */,
			);
			runOnlyForDeploymentPostprocessing = 0;
		};
/* End PBXSourcesBuildPhase section */

/* Begin PBXVariantGroup section */
		61680B5024323E6E0094908B /* Main.storyboard */ = {
			isa = PBXVariantGroup;
			children = (
				61680B5124323E6E0094908B /* Base */,
			);
			name = Main.storyboard;
			sourceTree = "<group>";
		};
		61680B5524323E760094908B /* LaunchScreen.storyboard */ = {
			isa = PBXVariantGroup;
			children = (
				61680B5624323E760094908B /* Base */,
			);
			name = LaunchScreen.storyboard;
			sourceTree = "<group>";
		};
/* End PBXVariantGroup section */

/* Begin XCBuildConfiguration section */
		61680B5924323E760094908B /* Debug */ = {
			isa = XCBuildConfiguration;
			buildSettings = {
				ALWAYS_SEARCH_USER_PATHS = NO;
				CLANG_ANALYZER_NONNULL = YES;
				CLANG_ANALYZER_NUMBER_OBJECT_CONVERSION = YES_AGGRESSIVE;
				CLANG_CXX_LANGUAGE_STANDARD = "gnu++14";
				CLANG_CXX_LIBRARY = "libc++";
				CLANG_ENABLE_MODULES = YES;
				CLANG_ENABLE_OBJC_ARC = YES;
				CLANG_ENABLE_OBJC_WEAK = YES;
				CLANG_WARN_BLOCK_CAPTURE_AUTORELEASING = YES;
				CLANG_WARN_BOOL_CONVERSION = YES;
				CLANG_WARN_COMMA = YES;
				CLANG_WARN_CONSTANT_CONVERSION = YES;
				CLANG_WARN_DEPRECATED_OBJC_IMPLEMENTATIONS = YES;
				CLANG_WARN_DIRECT_OBJC_ISA_USAGE = YES_ERROR;
				CLANG_WARN_DOCUMENTATION_COMMENTS = YES;
				CLANG_WARN_EMPTY_BODY = YES;
				CLANG_WARN_ENUM_CONVERSION = YES;
				CLANG_WARN_INFINITE_RECURSION = YES;
				CLANG_WARN_INT_CONVERSION = YES;
				CLANG_WARN_NON_LITERAL_NULL_CONVERSION = YES;
				CLANG_WARN_OBJC_IMPLICIT_RETAIN_SELF = YES;
				CLANG_WARN_OBJC_LITERAL_CONVERSION = YES;
				CLANG_WARN_OBJC_ROOT_CLASS = YES_ERROR;
				CLANG_WARN_RANGE_LOOP_ANALYSIS = YES;
				CLANG_WARN_STRICT_PROTOTYPES = YES;
				CLANG_WARN_SUSPICIOUS_MOVE = YES;
				CLANG_WARN_UNGUARDED_AVAILABILITY = YES_AGGRESSIVE;
				CLANG_WARN_UNREACHABLE_CODE = YES;
				CLANG_WARN__DUPLICATE_METHOD_MATCH = YES;
				COPY_PHASE_STRIP = NO;
				DEBUG_INFORMATION_FORMAT = dwarf;
				ENABLE_STRICT_OBJC_MSGSEND = YES;
				ENABLE_TESTABILITY = YES;
				GCC_C_LANGUAGE_STANDARD = gnu11;
				GCC_DYNAMIC_NO_PIC = NO;
				GCC_NO_COMMON_BLOCKS = YES;
				GCC_OPTIMIZATION_LEVEL = 0;
				GCC_PREPROCESSOR_DEFINITIONS = (
					"DEBUG=1",
					"$(inherited)",
				);
				GCC_WARN_64_TO_32_BIT_CONVERSION = YES;
				GCC_WARN_ABOUT_RETURN_TYPE = YES_ERROR;
				GCC_WARN_UNDECLARED_SELECTOR = YES;
				GCC_WARN_UNINITIALIZED_AUTOS = YES_AGGRESSIVE;
				GCC_WARN_UNUSED_FUNCTION = YES;
				GCC_WARN_UNUSED_VARIABLE = YES;
				IPHONEOS_DEPLOYMENT_TARGET = 13.2;
				MTL_ENABLE_DEBUG_INFO = INCLUDE_SOURCE;
				MTL_FAST_MATH = YES;
				ONLY_ACTIVE_ARCH = YES;
				SDKROOT = iphoneos;
				SWIFT_ACTIVE_COMPILATION_CONDITIONS = DEBUG;
				SWIFT_OPTIMIZATION_LEVEL = "-Onone";
			};
			name = Debug;
		};
		61680B5A24323E760094908B /* Release */ = {
			isa = XCBuildConfiguration;
			buildSettings = {
				ALWAYS_SEARCH_USER_PATHS = NO;
				CLANG_ANALYZER_NONNULL = YES;
				CLANG_ANALYZER_NUMBER_OBJECT_CONVERSION = YES_AGGRESSIVE;
				CLANG_CXX_LANGUAGE_STANDARD = "gnu++14";
				CLANG_CXX_LIBRARY = "libc++";
				CLANG_ENABLE_MODULES = YES;
				CLANG_ENABLE_OBJC_ARC = YES;
				CLANG_ENABLE_OBJC_WEAK = YES;
				CLANG_WARN_BLOCK_CAPTURE_AUTORELEASING = YES;
				CLANG_WARN_BOOL_CONVERSION = YES;
				CLANG_WARN_COMMA = YES;
				CLANG_WARN_CONSTANT_CONVERSION = YES;
				CLANG_WARN_DEPRECATED_OBJC_IMPLEMENTATIONS = YES;
				CLANG_WARN_DIRECT_OBJC_ISA_USAGE = YES_ERROR;
				CLANG_WARN_DOCUMENTATION_COMMENTS = YES;
				CLANG_WARN_EMPTY_BODY = YES;
				CLANG_WARN_ENUM_CONVERSION = YES;
				CLANG_WARN_INFINITE_RECURSION = YES;
				CLANG_WARN_INT_CONVERSION = YES;
				CLANG_WARN_NON_LITERAL_NULL_CONVERSION = YES;
				CLANG_WARN_OBJC_IMPLICIT_RETAIN_SELF = YES;
				CLANG_WARN_OBJC_LITERAL_CONVERSION = YES;
				CLANG_WARN_OBJC_ROOT_CLASS = YES_ERROR;
				CLANG_WARN_RANGE_LOOP_ANALYSIS = YES;
				CLANG_WARN_STRICT_PROTOTYPES = YES;
				CLANG_WARN_SUSPICIOUS_MOVE = YES;
				CLANG_WARN_UNGUARDED_AVAILABILITY = YES_AGGRESSIVE;
				CLANG_WARN_UNREACHABLE_CODE = YES;
				CLANG_WARN__DUPLICATE_METHOD_MATCH = YES;
				COPY_PHASE_STRIP = NO;
				DEBUG_INFORMATION_FORMAT = "dwarf-with-dsym";
				ENABLE_NS_ASSERTIONS = NO;
				ENABLE_STRICT_OBJC_MSGSEND = YES;
				GCC_C_LANGUAGE_STANDARD = gnu11;
				GCC_NO_COMMON_BLOCKS = YES;
				GCC_WARN_64_TO_32_BIT_CONVERSION = YES;
				GCC_WARN_ABOUT_RETURN_TYPE = YES_ERROR;
				GCC_WARN_UNDECLARED_SELECTOR = YES;
				GCC_WARN_UNINITIALIZED_AUTOS = YES_AGGRESSIVE;
				GCC_WARN_UNUSED_FUNCTION = YES;
				GCC_WARN_UNUSED_VARIABLE = YES;
				IPHONEOS_DEPLOYMENT_TARGET = 13.2;
				MTL_ENABLE_DEBUG_INFO = NO;
				MTL_FAST_MATH = YES;
				SDKROOT = iphoneos;
				SWIFT_COMPILATION_MODE = wholemodule;
				SWIFT_OPTIMIZATION_LEVEL = "-O";
				VALIDATE_PRODUCT = YES;
			};
			name = Release;
		};
		61680B5C24323E760094908B /* Debug */ = {
			isa = XCBuildConfiguration;
			baseConfigurationReference = EFF1162AB31749459DEF8A8D /* Pods-FindTheVisibleHorse.debug.xcconfig */;
			buildSettings = {
				ASSETCATALOG_COMPILER_APPICON_NAME = AppIcon;
				CODE_SIGN_IDENTITY = "Apple Development";
				CODE_SIGN_STYLE = Automatic;
				DEVELOPMENT_TEAM = RT8JX4CV4C;
				INFOPLIST_FILE = FindTheVisibleHorse/Info.plist;
				LD_RUNPATH_SEARCH_PATHS = (
					"$(inherited)",
					"@executable_path/Frameworks",
				);
				PRODUCT_BUNDLE_IDENTIFIER = com.utkucanturkan.FindTheVisibleHorse;
				PRODUCT_NAME = "$(TARGET_NAME)";
				PROVISIONING_PROFILE_SPECIFIER = "";
				SWIFT_VERSION = 5.0;
				TARGETED_DEVICE_FAMILY = "1,2";
			};
			name = Debug;
		};
		61680B5D24323E760094908B /* Release */ = {
			isa = XCBuildConfiguration;
			baseConfigurationReference = 6CED8B1E141F30E15247EE7C /* Pods-FindTheVisibleHorse.release.xcconfig */;
			buildSettings = {
				ASSETCATALOG_COMPILER_APPICON_NAME = AppIcon;
				CODE_SIGN_IDENTITY = "Apple Development";
				CODE_SIGN_STYLE = Automatic;
				DEVELOPMENT_TEAM = RT8JX4CV4C;
				INFOPLIST_FILE = FindTheVisibleHorse/Info.plist;
				LD_RUNPATH_SEARCH_PATHS = (
					"$(inherited)",
					"@executable_path/Frameworks",
				);
				PRODUCT_BUNDLE_IDENTIFIER = com.utkucanturkan.FindTheVisibleHorse;
				PRODUCT_NAME = "$(TARGET_NAME)";
				PROVISIONING_PROFILE_SPECIFIER = "";
				SWIFT_VERSION = 5.0;
				TARGETED_DEVICE_FAMILY = "1,2";
			};
			name = Release;
		};
/* End XCBuildConfiguration section */

/* Begin XCConfigurationList section */
		61680B4224323E6E0094908B /* Build configuration list for PBXProject "FindTheVisibleHorse" */ = {
			isa = XCConfigurationList;
			buildConfigurations = (
				61680B5924323E760094908B /* Debug */,
				61680B5A24323E760094908B /* Release */,
			);
			defaultConfigurationIsVisible = 0;
			defaultConfigurationName = Release;
		};
		61680B5B24323E760094908B /* Build configuration list for PBXNativeTarget "FindTheVisibleHorse" */ = {
			isa = XCConfigurationList;
			buildConfigurations = (
				61680B5C24323E760094908B /* Debug */,
				61680B5D24323E760094908B /* Release */,
			);
			defaultConfigurationIsVisible = 0;
			defaultConfigurationName = Release;
		};
/* End XCConfigurationList section */
	};
	rootObject = 61680B3F24323E6E0094908B /* Project object */;
}
