// !$*UTF8*$!
{
	archiveVersion = 1;
	classes = {
	};
	objectVersion = 50;
	objects = {

/* Begin PBXBuildFile section */
		6137509E243D0F5E00E0FA0B /* GameBrain.swift in Sources */ = {isa = PBXBuildFile; fileRef = 6137509D243D0F5E00E0FA0B /* GameBrain.swift */; };
		613750A0243D180700E0FA0B /* horse-whinny.wav in Resources */ = {isa = PBXBuildFile; fileRef = 6137509F243D180700E0FA0B /* horse-whinny.wav */; };
		61579F09243E6AC30061BB98 /* MainViewController.swift in Sources */ = {isa = PBXBuildFile; fileRef = 61579F08243E6AC30061BB98 /* MainViewController.swift */; };
		61680B4B24323E6E0094908B /* AppDelegate.swift in Sources */ = {isa = PBXBuildFile; fileRef = 61680B4A24323E6E0094908B /* AppDelegate.swift */; };
		61680B4D24323E6E0094908B /* SceneDelegate.swift in Sources */ = {isa = PBXBuildFile; fileRef = 61680B4C24323E6E0094908B /* SceneDelegate.swift */; };
		61680B4F24323E6E0094908B /* GameViewController.swift in Sources */ = {isa = PBXBuildFile; fileRef = 61680B4E24323E6E0094908B /* GameViewController.swift */; };
		61680B5224323E6E0094908B /* Main.storyboard in Resources */ = {isa = PBXBuildFile; fileRef = 61680B5024323E6E0094908B /* Main.storyboard */; };
		61680B5424323E760094908B /* Assets.xcassets in Resources */ = {isa = PBXBuildFile; fileRef = 61680B5324323E760094908B /* Assets.xcassets */; };
		61680B5724323E760094908B /* LaunchScreen.storyboard in Resources */ = {isa = PBXBuildFile; fileRef = 61680B5524323E760094908B /* LaunchScreen.storyboard */; };
		617E67662438F08200AE0706 /* GameView.swift in Sources */ = {isa = PBXBuildFile; fileRef = 617E67652438F08200AE0706 /* GameView.swift */; };
		61E442EB243BCBE800927EA2 /* AVFoundation.framework in Frameworks */ = {isa = PBXBuildFile; fileRef = 61E442EA243BCBE800927EA2 /* AVFoundation.framework */; };
		61E442EF243BE77900927EA2 /* beep.wav in Resources */ = {isa = PBXBuildFile; fileRef = 61E442EE243BE77900927EA2 /* beep.wav */; };
/* End PBXBuildFile section */

/* Begin PBXFileReference section */
		6137509D243D0F5E00E0FA0B /* GameBrain.swift */ = {isa = PBXFileReference; lastKnownFileType = sourcecode.swift; path = GameBrain.swift; sourceTree = "<group>"; };
		6137509F243D180700E0FA0B /* horse-whinny.wav */ = {isa = PBXFileReference; lastKnownFileType = audio.wav; path = "horse-whinny.wav"; sourceTree = "<group>"; };
		61579F08243E6AC30061BB98 /* MainViewController.swift */ = {isa = PBXFileReference; lastKnownFileType = sourcecode.swift; path = MainViewController.swift; sourceTree = "<group>"; };
		61680B4724323E6E0094908B /* FindTheVisibleHorse.app */ = {isa = PBXFileReference; explicitFileType = wrapper.application; includeInIndex = 0; path = FindTheVisibleHorse.app; sourceTree = BUILT_PRODUCTS_DIR; };
		61680B4A24323E6E0094908B /* AppDelegate.swift */ = {isa = PBXFileReference; lastKnownFileType = sourcecode.swift; path = AppDelegate.swift; sourceTree = "<group>"; };
		61680B4C24323E6E0094908B /* SceneDelegate.swift */ = {isa = PBXFileReference; lastKnownFileType = sourcecode.swift; path = SceneDelegate.swift; sourceTree = "<group>"; };
		61680B4E24323E6E0094908B /* GameViewController.swift */ = {isa = PBXFileReference; lastKnownFileType = sourcecode.swift; path = GameViewController.swift; sourceTree = "<group>"; };
		61680B5124323E6E0094908B /* Base */ = {isa = PBXFileReference; lastKnownFileType = file.storyboard; name = Base; path = Base.lproj/Main.storyboard; sourceTree = "<group>"; };
		61680B5324323E760094908B /* Assets.xcassets */ = {isa = PBXFileReference; lastKnownFileType = folder.assetcatalog; path = Assets.xcassets; sourceTree = "<group>"; };
		61680B5624323E760094908B /* Base */ = {isa = PBXFileReference; lastKnownFileType = file.storyboard; name = Base; path = Base.lproj/LaunchScreen.storyboard; sourceTree = "<group>"; };
		61680B5824323E760094908B /* Info.plist */ = {isa = PBXFileReference; lastKnownFileType = text.plist.xml; path = Info.plist; sourceTree = "<group>"; };
		617E67652438F08200AE0706 /* GameView.swift */ = {isa = PBXFileReference; lastKnownFileType = sourcecode.swift; path = GameView.swift; sourceTree = "<group>"; };
		61E442EA243BCBE800927EA2 /* AVFoundation.framework */ = {isa = PBXFileReference; lastKnownFileType = wrapper.framework; name = AVFoundation.framework; path = System/Library/Frameworks/AVFoundation.framework; sourceTree = SDKROOT; };
		61E442EE243BE77900927EA2 /* beep.wav */ = {isa = PBXFileReference; lastKnownFileType = audio.wav; path = beep.wav; sourceTree = "<group>"; };
/* End PBXFileReference section */

/* Begin PBXFrameworksBuildPhase section */
		61680B4424323E6E0094908B /* Frameworks */ = {
			isa = PBXFrameworksBuildPhase;
			buildActionMask = 2147483647;
			files = (
				61E442EB243BCBE800927EA2 /* AVFoundation.framework in Frameworks */,
			);
			runOnlyForDeploymentPostprocessing = 0;
		};
/* End PBXFrameworksBuildPhase section */

/* Begin PBXGroup section */
		6137509B243D0E8400E0FA0B /* Supporting Files */ = {
			isa = PBXGroup;
			children = (
				61680B4A24323E6E0094908B /* AppDelegate.swift */,
				61680B4C24323E6E0094908B /* SceneDelegate.swift */,
				61680B5524323E760094908B /* LaunchScreen.storyboard */,
			);
			path = "Supporting Files";
			sourceTree = "<group>";
		};
		6137509C243D0E9900E0FA0B /* Sounds */ = {
			isa = PBXGroup;
			children = (
				6137509F243D180700E0FA0B /* horse-whinny.wav */,
				61E442EE243BE77900927EA2 /* beep.wav */,
			);
			path = Sounds;
			sourceTree = "<group>";
		};
		61680B3E24323E6E0094908B = {
			isa = PBXGroup;
			children = (
				61680B4924323E6E0094908B /* FindTheVisibleHorse */,
				61680B4824323E6E0094908B /* Products */,
				61E442E9243BCBE800927EA2 /* Frameworks */,
			);
			sourceTree = "<group>";
		};
		61680B4824323E6E0094908B /* Products */ = {
			isa = PBXGroup;
			children = (
				61680B4724323E6E0094908B /* FindTheVisibleHorse.app */,
			);
			name = Products;
			sourceTree = "<group>";
		};
		61680B4924323E6E0094908B /* FindTheVisibleHorse */ = {
			isa = PBXGroup;
			children = (
				61680B4E24323E6E0094908B /* GameViewController.swift */,
				61680B5024323E6E0094908B /* Main.storyboard */,
				61579F08243E6AC30061BB98 /* MainViewController.swift */,
				617E67652438F08200AE0706 /* GameView.swift */,
				6137509D243D0F5E00E0FA0B /* GameBrain.swift */,
				61680B5324323E760094908B /* Assets.xcassets */,
				61680B5824323E760094908B /* Info.plist */,
				6137509C243D0E9900E0FA0B /* Sounds */,
				6137509B243D0E8400E0FA0B /* Supporting Files */,
			);
			path = FindTheVisibleHorse;
			sourceTree = "<group>";
		};
		61E442E9243BCBE800927EA2 /* Frameworks */ = {
			isa = PBXGroup;
			children = (
				61E442EA243BCBE800927EA2 /* AVFoundation.framework */,
			);
			name = Frameworks;
			sourceTree = "<group>";
		};
/* End PBXGroup section */

/* Begin PBXNativeTarget section */
		61680B4624323E6E0094908B /* FindTheVisibleHorse */ = {
			isa = PBXNativeTarget;
			buildConfigurationList = 61680B5B24323E760094908B /* Build configuration list for PBXNativeTarget "FindTheVisibleHorse" */;
			buildPhases = (
				61680B4324323E6E0094908B /* Sources */,
				61680B4424323E6E0094908B /* Frameworks */,
				61680B4524323E6E0094908B /* Resources */,
			);
			buildRules = (
			);
			dependencies = (
			);
			name = FindTheVisibleHorse;
			productName = FindTheVisibleHorse;
			productReference = 61680B4724323E6E0094908B /* FindTheVisibleHorse.app */;
			productType = "com.apple.product-type.application";
		};
/* End PBXNativeTarget section */

/* Begin PBXProject section */
		61680B3F24323E6E0094908B /* Project object */ = {
			isa = PBXProject;
			attributes = {
				LastSwiftUpdateCheck = 1130;
				LastUpgradeCheck = 1130;
				ORGANIZATIONNAME = "Utkucan Türkan";
				TargetAttributes = {
					61680B4624323E6E0094908B = {
						CreatedOnToolsVersion = 11.3.1;
					};
				};
			};
			buildConfigurationList = 61680B4224323E6E0094908B /* Build configuration list for PBXProject "FindTheVisibleHorse" */;
			compatibilityVersion = "Xcode 9.3";
			developmentRegion = en;
			hasScannedForEncodings = 0;
			knownRegions = (
				en,
				Base,
			);
			mainGroup = 61680B3E24323E6E0094908B;
			productRefGroup = 61680B4824323E6E0094908B /* Products */;
			projectDirPath = "";
			projectRoot = "";
			targets = (
				61680B4624323E6E0094908B /* FindTheVisibleHorse */,
			);
		};
/* End PBXProject section */

/* Begin PBXResourcesBuildPhase section */
		61680B4524323E6E0094908B /* Resources */ = {
			isa = PBXResourcesBuildPhase;
			buildActionMask = 2147483647;
			files = (
				61680B5724323E760094908B /* LaunchScreen.storyboard in Resources */,
				613750A0243D180700E0FA0B /* horse-whinny.wav in Resources */,
				61E442EF243BE77900927EA2 /* beep.wav in Resources */,
				61680B5424323E760094908B /* Assets.xcassets in Resources */,
				61680B5224323E6E0094908B /* Main.storyboard in Resources */,
			);
			runOnlyForDeploymentPostprocessing = 0;
		};
/* End PBXResourcesBuildPhase section */

/* Begin PBXSourcesBuildPhase section */
		61680B4324323E6E0094908B /* Sources */ = {
			isa = PBXSourcesBuildPhase;
			buildActionMask = 2147483647;
			files = (
				61680B4F24323E6E0094908B /* GameViewController.swift in Sources */,
				6137509E243D0F5E00E0FA0B /* GameBrain.swift in Sources */,
				61680B4B24323E6E0094908B /* AppDelegate.swift in Sources */,
				61579F09243E6AC30061BB98 /* MainViewController.swift in Sources */,
				617E67662438F08200AE0706 /* GameView.swift in Sources */,
				61680B4D24323E6E0094908B /* SceneDelegate.swift in Sources */,
			);
			runOnlyForDeploymentPostprocessing = 0;
		};
/* End PBXSourcesBuildPhase section */

/* Begin PBXVariantGroup section */
		61680B5024323E6E0094908B /* Main.storyboard */ = {
			isa = PBXVariantGroup;
			children = (
				61680B5124323E6E0094908B /* Base */,
			);
			name = Main.storyboard;
			sourceTree = "<group>";
		};
		61680B5524323E760094908B /* LaunchScreen.storyboard */ = {
			isa = PBXVariantGroup;
			children = (
				61680B5624323E760094908B /* Base */,
			);
			name = LaunchScreen.storyboard;
			sourceTree = "<group>";
		};
/* End PBXVariantGroup section */

/* Begin XCBuildConfiguration section */
		61680B5924323E760094908B /* Debug */ = {
			isa = XCBuildConfiguration;
			buildSettings = {
				ALWAYS_SEARCH_USER_PATHS = NO;
				CLANG_ANALYZER_NONNULL = YES;
				CLANG_ANALYZER_NUMBER_OBJECT_CONVERSION = YES_AGGRESSIVE;
				CLANG_CXX_LANGUAGE_STANDARD = "gnu++14";
				CLANG_CXX_LIBRARY = "libc++";
				CLANG_ENABLE_MODULES = YES;
				CLANG_ENABLE_OBJC_ARC = YES;
				CLANG_ENABLE_OBJC_WEAK = YES;
				CLANG_WARN_BLOCK_CAPTURE_AUTORELEASING = YES;
				CLANG_WARN_BOOL_CONVERSION = YES;
				CLANG_WARN_COMMA = YES;
				CLANG_WARN_CONSTANT_CONVERSION = YES;
				CLANG_WARN_DEPRECATED_OBJC_IMPLEMENTATIONS = YES;
				CLANG_WARN_DIRECT_OBJC_ISA_USAGE = YES_ERROR;
				CLANG_WARN_DOCUMENTATION_COMMENTS = YES;
				CLANG_WARN_EMPTY_BODY = YES;
				CLANG_WARN_ENUM_CONVERSION = YES;
				CLANG_WARN_INFINITE_RECURSION = YES;
				CLANG_WARN_INT_CONVERSION = YES;
				CLANG_WARN_NON_LITERAL_NULL_CONVERSION = YES;
				CLANG_WARN_OBJC_IMPLICIT_RETAIN_SELF = YES;
				CLANG_WARN_OBJC_LITERAL_CONVERSION = YES;
				CLANG_WARN_OBJC_ROOT_CLASS = YES_ERROR;
				CLANG_WARN_RANGE_LOOP_ANALYSIS = YES;
				CLANG_WARN_STRICT_PROTOTYPES = YES;
				CLANG_WARN_SUSPICIOUS_MOVE = YES;
				CLANG_WARN_UNGUARDED_AVAILABILITY = YES_AGGRESSIVE;
				CLANG_WARN_UNREACHABLE_CODE = YES;
				CLANG_WARN__DUPLICATE_METHOD_MATCH = YES;
				COPY_PHASE_STRIP = NO;
				DEBUG_INFORMATION_FORMAT = dwarf;
				ENABLE_STRICT_OBJC_MSGSEND = YES;
				ENABLE_TESTABILITY = YES;
				GCC_C_LANGUAGE_STANDARD = gnu11;
				GCC_DYNAMIC_NO_PIC = NO;
				GCC_NO_COMMON_BLOCKS = YES;
				GCC_OPTIMIZATION_LEVEL = 0;
				GCC_PREPROCESSOR_DEFINITIONS = (
					"DEBUG=1",
					"$(inherited)",
				);
				GCC_WARN_64_TO_32_BIT_CONVERSION = YES;
				GCC_WARN_ABOUT_RETURN_TYPE = YES_ERROR;
				GCC_WARN_UNDECLARED_SELECTOR = YES;
				GCC_WARN_UNINITIALIZED_AUTOS = YES_AGGRESSIVE;
				GCC_WARN_UNUSED_FUNCTION = YES;
				GCC_WARN_UNUSED_VARIABLE = YES;
				IPHONEOS_DEPLOYMENT_TARGET = 13.2;
				MTL_ENABLE_DEBUG_INFO = INCLUDE_SOURCE;
				MTL_FAST_MATH = YES;
				ONLY_ACTIVE_ARCH = YES;
				SDKROOT = iphoneos;
				SWIFT_ACTIVE_COMPILATION_CONDITIONS = DEBUG;
				SWIFT_OPTIMIZATION_LEVEL = "-Onone";
			};
			name = Debug;
		};
		61680B5A24323E760094908B /* Release */ = {
			isa = XCBuildConfiguration;
			buildSettings = {
				ALWAYS_SEARCH_USER_PATHS = NO;
				CLANG_ANALYZER_NONNULL = YES;
				CLANG_ANALYZER_NUMBER_OBJECT_CONVERSION = YES_AGGRESSIVE;
				CLANG_CXX_LANGUAGE_STANDARD = "gnu++14";
				CLANG_CXX_LIBRARY = "libc++";
				CLANG_ENABLE_MODULES = YES;
				CLANG_ENABLE_OBJC_ARC = YES;
				CLANG_ENABLE_OBJC_WEAK = YES;
				CLANG_WARN_BLOCK_CAPTURE_AUTORELEASING = YES;
				CLANG_WARN_BOOL_CONVERSION = YES;
				CLANG_WARN_COMMA = YES;
				CLANG_WARN_CONSTANT_CONVERSION = YES;
				CLANG_WARN_DEPRECATED_OBJC_IMPLEMENTATIONS = YES;
				CLANG_WARN_DIRECT_OBJC_ISA_USAGE = YES_ERROR;
				CLANG_WARN_DOCUMENTATION_COMMENTS = YES;
				CLANG_WARN_EMPTY_BODY = YES;
				CLANG_WARN_ENUM_CONVERSION = YES;
				CLANG_WARN_INFINITE_RECURSION = YES;
				CLANG_WARN_INT_CONVERSION = YES;
				CLANG_WARN_NON_LITERAL_NULL_CONVERSION = YES;
				CLANG_WARN_OBJC_IMPLICIT_RETAIN_SELF = YES;
				CLANG_WARN_OBJC_LITERAL_CONVERSION = YES;
				CLANG_WARN_OBJC_ROOT_CLASS = YES_ERROR;
				CLANG_WARN_RANGE_LOOP_ANALYSIS = YES;
				CLANG_WARN_STRICT_PROTOTYPES = YES;
				CLANG_WARN_SUSPICIOUS_MOVE = YES;
				CLANG_WARN_UNGUARDED_AVAILABILITY = YES_AGGRESSIVE;
				CLANG_WARN_UNREACHABLE_CODE = YES;
				CLANG_WARN__DUPLICATE_METHOD_MATCH = YES;
				COPY_PHASE_STRIP = NO;
				DEBUG_INFORMATION_FORMAT = "dwarf-with-dsym";
				ENABLE_NS_ASSERTIONS = NO;
				ENABLE_STRICT_OBJC_MSGSEND = YES;
				GCC_C_LANGUAGE_STANDARD = gnu11;
				GCC_NO_COMMON_BLOCKS = YES;
				GCC_WARN_64_TO_32_BIT_CONVERSION = YES;
				GCC_WARN_ABOUT_RETURN_TYPE = YES_ERROR;
				GCC_WARN_UNDECLARED_SELECTOR = YES;
				GCC_WARN_UNINITIALIZED_AUTOS = YES_AGGRESSIVE;
				GCC_WARN_UNUSED_FUNCTION = YES;
				GCC_WARN_UNUSED_VARIABLE = YES;
				IPHONEOS_DEPLOYMENT_TARGET = 13.2;
				MTL_ENABLE_DEBUG_INFO = NO;
				MTL_FAST_MATH = YES;
				SDKROOT = iphoneos;
				SWIFT_COMPILATION_MODE = wholemodule;
				SWIFT_OPTIMIZATION_LEVEL = "-O";
				VALIDATE_PRODUCT = YES;
			};
			name = Release;
		};
		61680B5C24323E760094908B /* Debug */ = {
			isa = XCBuildConfiguration;
			buildSettings = {
				ASSETCATALOG_COMPILER_APPICON_NAME = AppIcon;
				CODE_SIGN_STYLE = Automatic;
				DEVELOPMENT_TEAM = RT8JX4CV4C;
				INFOPLIST_FILE = FindTheVisibleHorse/Info.plist;
				LD_RUNPATH_SEARCH_PATHS = (
					"$(inherited)",
					"@executable_path/Frameworks",
				);
				PRODUCT_BUNDLE_IDENTIFIER = com.utkucanturkan.FindTheVisibleHorse;
				PRODUCT_NAME = "$(TARGET_NAME)";
				SWIFT_VERSION = 5.0;
				TARGETED_DEVICE_FAMILY = "1,2";
			};
			name = Debug;
		};
		61680B5D24323E760094908B /* Release */ = {
			isa = XCBuildConfiguration;
			buildSettings = {
				ASSETCATALOG_COMPILER_APPICON_NAME = AppIcon;
				CODE_SIGN_STYLE = Automatic;
				DEVELOPMENT_TEAM = RT8JX4CV4C;
				INFOPLIST_FILE = FindTheVisibleHorse/Info.plist;
				LD_RUNPATH_SEARCH_PATHS = (
					"$(inherited)",
					"@executable_path/Frameworks",
				);
				PRODUCT_BUNDLE_IDENTIFIER = com.utkucanturkan.FindTheVisibleHorse;
				PRODUCT_NAME = "$(TARGET_NAME)";
				SWIFT_VERSION = 5.0;
				TARGETED_DEVICE_FAMILY = "1,2";
			};
			name = Release;
		};
/* End XCBuildConfiguration section */

/* Begin XCConfigurationList section */
		61680B4224323E6E0094908B /* Build configuration list for PBXProject "FindTheVisibleHorse" */ = {
			isa = XCConfigurationList;
			buildConfigurations = (
				61680B5924323E760094908B /* Debug */,
				61680B5A24323E760094908B /* Release */,
			);
			defaultConfigurationIsVisible = 0;
			defaultConfigurationName = Release;
		};
		61680B5B24323E760094908B /* Build configuration list for PBXNativeTarget "FindTheVisibleHorse" */ = {
			isa = XCConfigurationList;
			buildConfigurations = (
				61680B5C24323E760094908B /* Debug */,
				61680B5D24323E760094908B /* Release */,
			);
			defaultConfigurationIsVisible = 0;
			defaultConfigurationName = Release;
		};
/* End XCConfigurationList section */
	};
	rootObject = 61680B3F24323E6E0094908B /* Project object */;
}
